
Microsoft Visual Studio Solution File, Format Version 12.00
# Visual Studio Version 17
VisualStudioVersion = 17.14.36121.58 d17.14
MinimumVisualStudioVersion = 10.0.40219.1
Project("{FAE04EC0-301F-11D3-BF4B-00C04F79EFBC}") = "ConAppSmartAppointmentBooking", "ConAppSmartAppointmentBooking\ConAppSmartAppointmentBooking.csproj", "{8634DECC-3D4E-4F7C-BDFE-B7AB2CEEEF00}"
EndProject
Global
	GlobalSection(SolutionConfigurationPlatforms) = preSolution
		Debug|Any CPU = Debug|Any CPU
		Release|Any CPU = Release|Any CPU
	EndGlobalSection
	GlobalSection(ProjectConfigurationPlatforms) = postSolution
		{8634DECC-3D4E-4F7C-BDFE-B7AB2CEEEF00}.Debug|Any CPU.ActiveCfg = Debug|Any CPU
		{8634DECC-3D4E-4F7C-BDFE-B7AB2CEEEF00}.Debug|Any CPU.Build.0 = Debug|Any CPU
		{8634DECC-3D4E-4F7C-BDFE-B7AB2CEEEF00}.Release|Any CPU.ActiveCfg = Release|Any CPU
		{8634DECC-3D4E-4F7C-BDFE-B7AB2CEEEF00}.Release|Any CPU.Build.0 = Release|Any CPU
	EndGlobalSection
	GlobalSection(SolutionProperties) = preSolution
		HideSolutionNode = FALSE
	EndGlobalSection
	GlobalSection(ExtensibilityGlobals) = postSolution
		SolutionGuid = {115DFBF1-9C81-426D-8FD5-CC24C157B9F8}
	EndGlobalSection
EndGlobal
